// !$*UTF8*$!
{
	archiveVersion = 1;
	classes = {
	};
	objectVersion = 56;
	objects = {

/* Begin PBXBuildFile section */
		57a333ffe9d44ceaa7b12a0cfd69c089 /* ContentView.swift in Sources */ = {isa = PBXBuildFile; fileRef = e526ff779d01407c807b21910d1597b4 /* ContentView.swift */; };
		5d911f0dbc9a4b6ba8c2a6b6961adf33 /* FileConverterApp.swift in Sources */ = {isa = PBXBuildFile; fileRef = 9ab82a71343d47f0b47d2a5f43460b85 /* FileConverterApp.swift */; };
		0cf7ab77a3bf4a6ea6cf23a5707b434d /* AppSettings.swift in Sources */ = {isa = PBXBuildFile; fileRef = b6bca6906a88497e8f74ac1e48c6fef7 /* AppSettings.swift */; };
		adc5d85d0c7144fd8744c7a5ec3eaa0e /* ConversionFile.swift in Sources */ = {isa = PBXBuildFile; fileRef = 43101a36d89a47c0a512b1134f32abcc /* ConversionFile.swift */; };
		c65b0f2f0880434fa11dfd4ec8aef331 /* ConversionFormat.swift in Sources */ = {isa = PBXBuildFile; fileRef = 41f74c04b3ce459c9c28d4ba6f796b2c /* ConversionFormat.swift */; };
		7331e47f7bd44440931fbfe355b83084 /* ConversionResult.swift in Sources */ = {isa = PBXBuildFile; fileRef = bc2e4dfc023b46f68707016897cfdc29 /* ConversionResult.swift */; };
		76c6caff5375487bb321cf6d120e9943 /* ConversionSettings.swift in Sources */ = {isa = PBXBuildFile; fileRef = 46f3717a477f427faafcb75c2c391de7 /* ConversionSettings.swift */; };
		b8ec8c0816244d74b81660366deae789 /* FormatCategory.swift in Sources */ = {isa = PBXBuildFile; fileRef = c27c96c3f9474c0cbcb1b30644385ae8 /* FormatCategory.swift */; };
		73c9b20d733c43259a4fe7fc094c6b00 /* ToolInfo.swift in Sources */ = {isa = PBXBuildFile; fileRef = f8354cdbfc484480b6910d858e09b178 /* ToolInfo.swift */; };
		b77c3c0e8839497aa5b5093d6fddce34 /* ConversionPipeline.swift in Sources */ = {isa = PBXBuildFile; fileRef = bd7b08bb80d64545ad333399ca8f685b /* ConversionPipeline.swift */; };
		65043d6236704855a4f49b0f8b667175 /* ArchiveConverter.swift in Sources */ = {isa = PBXBuildFile; fileRef = 78061dc44a56412697c97a9b45c5a9de /* ArchiveConverter.swift */; };
		e8cc8ef8e71e4c5bbe1c1e313a9123ac /* AudioConverter.swift in Sources */ = {isa = PBXBuildFile; fileRef = 1c822ee0579147e7a8fed94411084d7c /* AudioConverter.swift */; };
		f396b7f58f8040ae8318c96f3d12a07e /* CADConverter.swift in Sources */ = {isa = PBXBuildFile; fileRef = aced444aec174ebaa53fe0bff854bc27 /* CADConverter.swift */; };
		abd2040cada547d7885266ef7195d635 /* DocumentConverter.swift in Sources */ = {isa = PBXBuildFile; fileRef = d50584dab3ab4b4f806a014521748d08 /* DocumentConverter.swift */; };
		a9d4c0a0bb1549bb96c59d823d264144 /* EbookConverter.swift in Sources */ = {isa = PBXBuildFile; fileRef = 6654cfc239d44b4c90e4ff742d0b1d0e /* EbookConverter.swift */; };
		c7be094277a443bdb29aa344033a5391 /* FontConverter.swift in Sources */ = {isa = PBXBuildFile; fileRef = a1f35f0a3c7e4cd0b2b3d371f3f2265f /* FontConverter.swift */; };
		ff6521df3c4e4763be732dcc7f837768 /* ImageConverter.swift in Sources */ = {isa = PBXBuildFile; fileRef = ea8fbec179dc429299adfa226f5578dc /* ImageConverter.swift */; };
		8dcc1521a6ae49aea96436d3aabc9782 /* TextDataConverter.swift in Sources */ = {isa = PBXBuildFile; fileRef = 56c8208f3fc744108a7e01d7aa3c3e0b /* TextDataConverter.swift */; };
		6956c64a13044cc097f84b6245aab2cf /* VideoConverter.swift in Sources */ = {isa = PBXBuildFile; fileRef = 0d3fd015e9a24028887bb9b5e6c18e9b /* VideoConverter.swift */; };
		8c617843f0bb43489660c88f9eda5455 /* FormatDetector.swift in Sources */ = {isa = PBXBuildFile; fileRef = 0c8c3bcdc85147778c3ab8656e97212f /* FormatDetector.swift */; };
		f40f51784dba4334aad802b62c4ef89d /* ProcessRunner.swift in Sources */ = {isa = PBXBuildFile; fileRef = aa763a2fea0d4d8b8b15d714b5b9bb30 /* ProcessRunner.swift */; };
		b8617ffc44f7451b9bccdc04f41c7bb1 /* FormatConverter.swift in Sources */ = {isa = PBXBuildFile; fileRef = ab18619cdf75495e9a8d61396dda84f6 /* FormatConverter.swift */; };
		0ebfc1bfb48246dfbce8d3c355f74779 /* ToolProviding.swift in Sources */ = {isa = PBXBuildFile; fileRef = e35b1eb004064d6e9b14088af92e203e /* ToolProviding.swift */; };
		cd7ed099422a4c0187c6f477e8f1a881 /* ToolDetector.swift in Sources */ = {isa = PBXBuildFile; fileRef = 455eb9002c03486b900546423acbcbda /* ToolDetector.swift */; };
		0d415b24e03b4e06900b3f6866509b84 /* FileSizeFormatter.swift in Sources */ = {isa = PBXBuildFile; fileRef = 21c81db666474a3c9b6c4be3dd725915 /* FileSizeFormatter.swift */; };
		dbcd8794e19043acafbdda3fd3fe3070 /* UTIHelper.swift in Sources */ = {isa = PBXBuildFile; fileRef = dd0ff2fc4cce4f689bbdeeaabebfb980 /* UTIHelper.swift */; };
		5d27fc8850fd49e187297bbf4677d9c7 /* ConversionViewModel.swift in Sources */ = {isa = PBXBuildFile; fileRef = 5318e955c73d4669b05a105df81bb498 /* ConversionViewModel.swift */; };
		43fef3ccbda84763bdfd3ab2495970ec /* DropZoneViewModel.swift in Sources */ = {isa = PBXBuildFile; fileRef = 81eccc376fa04651ade4c73d15873468 /* DropZoneViewModel.swift */; };
		5bb234fd47dc4f9295ffffcee40afc16 /* SettingsViewModel.swift in Sources */ = {isa = PBXBuildFile; fileRef = c183a6daed3846d8aebb21ca6ee2ab73 /* SettingsViewModel.swift */; };
		75895828272c4e2b83fa6cd6b69bf8eb /* BottomBarView.swift in Sources */ = {isa = PBXBuildFile; fileRef = 636ae6151efb4a619fbe28a6d4003d4d /* BottomBarView.swift */; };
		dc484d77e96040729ab8363cba0a6420 /* FormatPicker.swift in Sources */ = {isa = PBXBuildFile; fileRef = 835bf9dd3c474b098394cbbcc136d3b0 /* FormatPicker.swift */; };
		332c92ef113546318ed8978a70be3f9f /* QuickLookPreview.swift in Sources */ = {isa = PBXBuildFile; fileRef = b46ae3b23a1746dda30367e5940959af /* QuickLookPreview.swift */; };
		23aa24efd36c4833804affd612630644 /* ThumbnailView.swift in Sources */ = {isa = PBXBuildFile; fileRef = 9f95752637024c1d8bacc01d2d02cda1 /* ThumbnailView.swift */; };
		370b413a177b4047a7b6e9f209c2853e /* ToolInstallTip.swift in Sources */ = {isa = PBXBuildFile; fileRef = 89cb0502bccd4fa7b74dc99add765263 /* ToolInstallTip.swift */; };
		26e4742f692341f2a7b69c71ac182ec7 /* ToolStatusBadge.swift in Sources */ = {isa = PBXBuildFile; fileRef = b89337f0b8c9429a9b6feb07d8f55dd5 /* ToolStatusBadge.swift */; };
		ba2299f1eb354cf9a070bfbb9b5ee43b /* ConversionProgressView.swift in Sources */ = {isa = PBXBuildFile; fileRef = d97fc1909d4f4ce8b574e715e3243097 /* ConversionProgressView.swift */; };
		5afaadab82224914a7ef53df705558ff /* DropZoneView.swift in Sources */ = {isa = PBXBuildFile; fileRef = 7f43633e01ea4052b7f831cab177e47a /* DropZoneView.swift */; };
		ca2569b8af9448b68a4ab98ac616d8f0 /* FileListView.swift in Sources */ = {isa = PBXBuildFile; fileRef = 2d366b47cc1849e6aa153ac3980ec4ac /* FileListView.swift */; };
		3be933586bcd463c9b01becb3efda0fb /* FileRowView.swift in Sources */ = {isa = PBXBuildFile; fileRef = fe300cb800794d77a33ba90fc5657427 /* FileRowView.swift */; };
		d43bae9cd15b41c6bf45f4addca1a7c1 /* ResultsView.swift in Sources */ = {isa = PBXBuildFile; fileRef = 61a719c859344754876751adcfbfbd13 /* ResultsView.swift */; };
		b994e3c1e6094a02a1a6fcf1e9dc78e6 /* SettingsView.swift in Sources */ = {isa = PBXBuildFile; fileRef = cf9da7c5f9b84d19b83c49f7c9cbcbf9 /* SettingsView.swift */; };
		f906470358c9430c9125be31c8f0c087 /* CategoryRow.swift in Sources */ = {isa = PBXBuildFile; fileRef = 1bf9050ffb1d4aebb3bbef2187916d6a /* CategoryRow.swift */; };
		d5ab42f29b004e6abbfaf1e915238908 /* SidebarView.swift in Sources */ = {isa = PBXBuildFile; fileRef = 24fab990061e4ae2b967f330ac84af4f /* SidebarView.swift */; };
/* End PBXBuildFile section */

/* Begin PBXFileReference section */
		e526ff779d01407c807b21910d1597b4 /* ContentView.swift */ = {isa = PBXFileReference; lastKnownFileType = sourcecode.swift; path = "ContentView.swift"; sourceTree = "<group>"; };
		9ab82a71343d47f0b47d2a5f43460b85 /* FileConverterApp.swift */ = {isa = PBXFileReference; lastKnownFileType = sourcecode.swift; path = "FileConverterApp.swift"; sourceTree = "<group>"; };
		b6bca6906a88497e8f74ac1e48c6fef7 /* AppSettings.swift */ = {isa = PBXFileReference; lastKnownFileType = sourcecode.swift; path = "AppSettings.swift"; sourceTree = "<group>"; };
		43101a36d89a47c0a512b1134f32abcc /* ConversionFile.swift */ = {isa = PBXFileReference; lastKnownFileType = sourcecode.swift; path = "ConversionFile.swift"; sourceTree = "<group>"; };
		41f74c04b3ce459c9c28d4ba6f796b2c /* ConversionFormat.swift */ = {isa = PBXFileReference; lastKnownFileType = sourcecode.swift; path = "ConversionFormat.swift"; sourceTree = "<group>"; };
		bc2e4dfc023b46f68707016897cfdc29 /* ConversionResult.swift */ = {isa = PBXFileReference; lastKnownFileType = sourcecode.swift; path = "ConversionResult.swift"; sourceTree = "<group>"; };
		46f3717a477f427faafcb75c2c391de7 /* ConversionSettings.swift */ = {isa = PBXFileReference; lastKnownFileType = sourcecode.swift; path = "ConversionSettings.swift"; sourceTree = "<group>"; };
		c27c96c3f9474c0cbcb1b30644385ae8 /* FormatCategory.swift */ = {isa = PBXFileReference; lastKnownFileType = sourcecode.swift; path = "FormatCategory.swift"; sourceTree = "<group>"; };
		f8354cdbfc484480b6910d858e09b178 /* ToolInfo.swift */ = {isa = PBXFileReference; lastKnownFileType = sourcecode.swift; path = "ToolInfo.swift"; sourceTree = "<group>"; };
		bd7b08bb80d64545ad333399ca8f685b /* ConversionPipeline.swift */ = {isa = PBXFileReference; lastKnownFileType = sourcecode.swift; path = "ConversionPipeline.swift"; sourceTree = "<group>"; };
		78061dc44a56412697c97a9b45c5a9de /* ArchiveConverter.swift */ = {isa = PBXFileReference; lastKnownFileType = sourcecode.swift; path = "ArchiveConverter.swift"; sourceTree = "<group>"; };
		1c822ee0579147e7a8fed94411084d7c /* AudioConverter.swift */ = {isa = PBXFileReference; lastKnownFileType = sourcecode.swift; path = "AudioConverter.swift"; sourceTree = "<group>"; };
		aced444aec174ebaa53fe0bff854bc27 /* CADConverter.swift */ = {isa = PBXFileReference; lastKnownFileType = sourcecode.swift; path = "CADConverter.swift"; sourceTree = "<group>"; };
		d50584dab3ab4b4f806a014521748d08 /* DocumentConverter.swift */ = {isa = PBXFileReference; lastKnownFileType = sourcecode.swift; path = "DocumentConverter.swift"; sourceTree = "<group>"; };
		6654cfc239d44b4c90e4ff742d0b1d0e /* EbookConverter.swift */ = {isa = PBXFileReference; lastKnownFileType = sourcecode.swift; path = "EbookConverter.swift"; sourceTree = "<group>"; };
		a1f35f0a3c7e4cd0b2b3d371f3f2265f /* FontConverter.swift */ = {isa = PBXFileReference; lastKnownFileType = sourcecode.swift; path = "FontConverter.swift"; sourceTree = "<group>"; };
		ea8fbec179dc429299adfa226f5578dc /* ImageConverter.swift */ = {isa = PBXFileReference; lastKnownFileType = sourcecode.swift; path = "ImageConverter.swift"; sourceTree = "<group>"; };
		56c8208f3fc744108a7e01d7aa3c3e0b /* TextDataConverter.swift */ = {isa = PBXFileReference; lastKnownFileType = sourcecode.swift; path = "TextDataConverter.swift"; sourceTree = "<group>"; };
		0d3fd015e9a24028887bb9b5e6c18e9b /* VideoConverter.swift */ = {isa = PBXFileReference; lastKnownFileType = sourcecode.swift; path = "VideoConverter.swift"; sourceTree = "<group>"; };
		0c8c3bcdc85147778c3ab8656e97212f /* FormatDetector.swift */ = {isa = PBXFileReference; lastKnownFileType = sourcecode.swift; path = "FormatDetector.swift"; sourceTree = "<group>"; };
		aa763a2fea0d4d8b8b15d714b5b9bb30 /* ProcessRunner.swift */ = {isa = PBXFileReference; lastKnownFileType = sourcecode.swift; path = "ProcessRunner.swift"; sourceTree = "<group>"; };
		ab18619cdf75495e9a8d61396dda84f6 /* FormatConverter.swift */ = {isa = PBXFileReference; lastKnownFileType = sourcecode.swift; path = "FormatConverter.swift"; sourceTree = "<group>"; };
		e35b1eb004064d6e9b14088af92e203e /* ToolProviding.swift */ = {isa = PBXFileReference; lastKnownFileType = sourcecode.swift; path = "ToolProviding.swift"; sourceTree = "<group>"; };
		455eb9002c03486b900546423acbcbda /* ToolDetector.swift */ = {isa = PBXFileReference; lastKnownFileType = sourcecode.swift; path = "ToolDetector.swift"; sourceTree = "<group>"; };
		21c81db666474a3c9b6c4be3dd725915 /* FileSizeFormatter.swift */ = {isa = PBXFileReference; lastKnownFileType = sourcecode.swift; path = "FileSizeFormatter.swift"; sourceTree = "<group>"; };
		dd0ff2fc4cce4f689bbdeeaabebfb980 /* UTIHelper.swift */ = {isa = PBXFileReference; lastKnownFileType = sourcecode.swift; path = "UTIHelper.swift"; sourceTree = "<group>"; };
		5318e955c73d4669b05a105df81bb498 /* ConversionViewModel.swift */ = {isa = PBXFileReference; lastKnownFileType = sourcecode.swift; path = "ConversionViewModel.swift"; sourceTree = "<group>"; };
		81eccc376fa04651ade4c73d15873468 /* DropZoneViewModel.swift */ = {isa = PBXFileReference; lastKnownFileType = sourcecode.swift; path = "DropZoneViewModel.swift"; sourceTree = "<group>"; };
		c183a6daed3846d8aebb21ca6ee2ab73 /* SettingsViewModel.swift */ = {isa = PBXFileReference; lastKnownFileType = sourcecode.swift; path = "SettingsViewModel.swift"; sourceTree = "<group>"; };
		636ae6151efb4a619fbe28a6d4003d4d /* BottomBarView.swift */ = {isa = PBXFileReference; lastKnownFileType = sourcecode.swift; path = "BottomBarView.swift"; sourceTree = "<group>"; };
		835bf9dd3c474b098394cbbcc136d3b0 /* FormatPicker.swift */ = {isa = PBXFileReference; lastKnownFileType = sourcecode.swift; path = "FormatPicker.swift"; sourceTree = "<group>"; };
		b46ae3b23a1746dda30367e5940959af /* QuickLookPreview.swift */ = {isa = PBXFileReference; lastKnownFileType = sourcecode.swift; path = "QuickLookPreview.swift"; sourceTree = "<group>"; };
		9f95752637024c1d8bacc01d2d02cda1 /* ThumbnailView.swift */ = {isa = PBXFileReference; lastKnownFileType = sourcecode.swift; path = "ThumbnailView.swift"; sourceTree = "<group>"; };
		89cb0502bccd4fa7b74dc99add765263 /* ToolInstallTip.swift */ = {isa = PBXFileReference; lastKnownFileType = sourcecode.swift; path = "ToolInstallTip.swift"; sourceTree = "<group>"; };
		b89337f0b8c9429a9b6feb07d8f55dd5 /* ToolStatusBadge.swift */ = {isa = PBXFileReference; lastKnownFileType = sourcecode.swift; path = "ToolStatusBadge.swift"; sourceTree = "<group>"; };
		d97fc1909d4f4ce8b574e715e3243097 /* ConversionProgressView.swift */ = {isa = PBXFileReference; lastKnownFileType = sourcecode.swift; path = "ConversionProgressView.swift"; sourceTree = "<group>"; };
		7f43633e01ea4052b7f831cab177e47a /* DropZoneView.swift */ = {isa = PBXFileReference; lastKnownFileType = sourcecode.swift; path = "DropZoneView.swift"; sourceTree = "<group>"; };
		2d366b47cc1849e6aa153ac3980ec4ac /* FileListView.swift */ = {isa = PBXFileReference; lastKnownFileType = sourcecode.swift; path = "FileListView.swift"; sourceTree = "<group>"; };
		fe300cb800794d77a33ba90fc5657427 /* FileRowView.swift */ = {isa = PBXFileReference; lastKnownFileType = sourcecode.swift; path = "FileRowView.swift"; sourceTree = "<group>"; };
		61a719c859344754876751adcfbfbd13 /* ResultsView.swift */ = {isa = PBXFileReference; lastKnownFileType = sourcecode.swift; path = "ResultsView.swift"; sourceTree = "<group>"; };
		cf9da7c5f9b84d19b83c49f7c9cbcbf9 /* SettingsView.swift */ = {isa = PBXFileReference; lastKnownFileType = sourcecode.swift; path = "SettingsView.swift"; sourceTree = "<group>"; };
		1bf9050ffb1d4aebb3bbef2187916d6a /* CategoryRow.swift */ = {isa = PBXFileReference; lastKnownFileType = sourcecode.swift; path = "CategoryRow.swift"; sourceTree = "<group>"; };
		24fab990061e4ae2b967f330ac84af4f /* SidebarView.swift */ = {isa = PBXFileReference; lastKnownFileType = sourcecode.swift; path = "SidebarView.swift"; sourceTree = "<group>"; };
		fd061aa7b43f4d9ebe24a822a817d337 /* FileConverter.app */ = {isa = PBXFileReference; explicitFileType = wrapper.application; includeInIndex = 0; path = FileConverter.app; sourceTree = BUILT_PRODUCTS_DIR; };
/* End PBXFileReference section */

/* Begin PBXFrameworksBuildPhase section */
		133c426ff4384b559f1d50a723aa4223 /* Frameworks */ = {isa = PBXFrameworksBuildPhase; buildActionMask = 2147483647; files = (); runOnlyForDeploymentPostprocessing = 0; };
/* End PBXFrameworksBuildPhase section */

/* Begin PBXGroup section */
		dd785cf17ebc4dc8afafd7b148166f93 /* Models */ = {isa = PBXGroup; children = (b6bca6906a88497e8f74ac1e48c6fef7 /* AppSettings.swift */, 43101a36d89a47c0a512b1134f32abcc /* ConversionFile.swift */, 41f74c04b3ce459c9c28d4ba6f796b2c /* ConversionFormat.swift */, bc2e4dfc023b46f68707016897cfdc29 /* ConversionResult.swift */, 46f3717a477f427faafcb75c2c391de7 /* ConversionSettings.swift */, c27c96c3f9474c0cbcb1b30644385ae8 /* FormatCategory.swift */, f8354cdbfc484480b6910d858e09b178 /* ToolInfo.swift */); path = "Models"; sourceTree = "<group>"; };
		1260e6683d214c64b4e98d3a1455183e /* Converters */ = {isa = PBXGroup; children = (78061dc44a56412697c97a9b45c5a9de /* ArchiveConverter.swift */, 1c822ee0579147e7a8fed94411084d7c /* AudioConverter.swift */, aced444aec174ebaa53fe0bff854bc27 /* CADConverter.swift */, d50584dab3ab4b4f806a014521748d08 /* DocumentConverter.swift */, 6654cfc239d44b4c90e4ff742d0b1d0e /* EbookConverter.swift */, a1f35f0a3c7e4cd0b2b3d371f3f2265f /* FontConverter.swift */, ea8fbec179dc429299adfa226f5578dc /* ImageConverter.swift */, 56c8208f3fc744108a7e01d7aa3c3e0b /* TextDataConverter.swift */, 0d3fd015e9a24028887bb9b5e6c18e9b /* VideoConverter.swift */); path = "Converters"; sourceTree = "<group>"; };
		f5fe7aaeca72403c809424c1dd88dd69 /* ProcessRunners */ = {isa = PBXGroup; children = (aa763a2fea0d4d8b8b15d714b5b9bb30 /* ProcessRunner.swift */); path = "ProcessRunners"; sourceTree = "<group>"; };
		782b3f1cc190479687158dd27c8cc840 /* Protocols */ = {isa = PBXGroup; children = (ab18619cdf75495e9a8d61396dda84f6 /* FormatConverter.swift */, e35b1eb004064d6e9b14088af92e203e /* ToolProviding.swift */); path = "Protocols"; sourceTree = "<group>"; };
		57b5ac002ed6425a9b9b17e792752de4 /* Services */ = {isa = PBXGroup; children = (1260e6683d214c64b4e98d3a1455183e /* Converters */, f5fe7aaeca72403c809424c1dd88dd69 /* ProcessRunners */, 782b3f1cc190479687158dd27c8cc840 /* Protocols */, bd7b08bb80d64545ad333399ca8f685b /* ConversionPipeline.swift */, 0c8c3bcdc85147778c3ab8656e97212f /* FormatDetector.swift */, 455eb9002c03486b900546423acbcbda /* ToolDetector.swift */); path = "Services"; sourceTree = "<group>"; };
		9d8edf690854409d9d7c933f92330fbb /* Utilities */ = {isa = PBXGroup; children = (21c81db666474a3c9b6c4be3dd725915 /* FileSizeFormatter.swift */, dd0ff2fc4cce4f689bbdeeaabebfb980 /* UTIHelper.swift */); path = "Utilities"; sourceTree = "<group>"; };
		8715ac32abac4be595c96653926bd315 /* ViewModels */ = {isa = PBXGroup; children = (5318e955c73d4669b05a105df81bb498 /* ConversionViewModel.swift */, 81eccc376fa04651ade4c73d15873468 /* DropZoneViewModel.swift */, c183a6daed3846d8aebb21ca6ee2ab73 /* SettingsViewModel.swift */); path = "ViewModels"; sourceTree = "<group>"; };
		df3edaf66c53497f9cbf12cb22be0fe2 /* BottomBar */ = {isa = PBXGroup; children = (636ae6151efb4a619fbe28a6d4003d4d /* BottomBarView.swift */); path = "BottomBar"; sourceTree = "<group>"; };
		ac7f5a6756ae4b4eb5a453365408904f /* Components */ = {isa = PBXGroup; children = (835bf9dd3c474b098394cbbcc136d3b0 /* FormatPicker.swift */, b46ae3b23a1746dda30367e5940959af /* QuickLookPreview.swift */, 9f95752637024c1d8bacc01d2d02cda1 /* ThumbnailView.swift */, 89cb0502bccd4fa7b74dc99add765263 /* ToolInstallTip.swift */, b89337f0b8c9429a9b6feb07d8f55dd5 /* ToolStatusBadge.swift */); path = "Components"; sourceTree = "<group>"; };
		971c24028f3145cdb4f200f4cd9c9e52 /* MainContent */ = {isa = PBXGroup; children = (d97fc1909d4f4ce8b574e715e3243097 /* ConversionProgressView.swift */, 7f43633e01ea4052b7f831cab177e47a /* DropZoneView.swift */, 2d366b47cc1849e6aa153ac3980ec4ac /* FileListView.swift */, fe300cb800794d77a33ba90fc5657427 /* FileRowView.swift */, 61a719c859344754876751adcfbfbd13 /* ResultsView.swift */); path = "MainContent"; sourceTree = "<group>"; };
		1a9326089d9b4faaae44ca86b6bdf7d5 /* Settings */ = {isa = PBXGroup; children = (cf9da7c5f9b84d19b83c49f7c9cbcbf9 /* SettingsView.swift */); path = "Settings"; sourceTree = "<group>"; };
		17a97c399afb4896ac78e06492ebae9c /* Sidebar */ = {isa = PBXGroup; children = (1bf9050ffb1d4aebb3bbef2187916d6a /* CategoryRow.swift */, 24fab990061e4ae2b967f330ac84af4f /* SidebarView.swift */); path = "Sidebar"; sourceTree = "<group>"; };
		42f0d2709c1b4dad89645c09c6959604 /* Views */ = {isa = PBXGroup; children = (df3edaf66c53497f9cbf12cb22be0fe2 /* BottomBar */, ac7f5a6756ae4b4eb5a453365408904f /* Components */, 971c24028f3145cdb4f200f4cd9c9e52 /* MainContent */, 1a9326089d9b4faaae44ca86b6bdf7d5 /* Settings */, 17a97c399afb4896ac78e06492ebae9c /* Sidebar */); path = "Views"; sourceTree = "<group>"; };
		93b9d43852f14ecab378c9a0e32373b9 /* FileConverter */ = {isa = PBXGroup; children = (dd785cf17ebc4dc8afafd7b148166f93 /* Models */, 57b5ac002ed6425a9b9b17e792752de4 /* Services */, 9d8edf690854409d9d7c933f92330fbb /* Utilities */, 8715ac32abac4be595c96653926bd315 /* ViewModels */, 42f0d2709c1b4dad89645c09c6959604 /* Views */, e526ff779d01407c807b21910d1597b4 /* ContentView.swift */, 9ab82a71343d47f0b47d2a5f43460b85 /* FileConverterApp.swift */); path = "FileConverter"; sourceTree = SOURCE_ROOT; };
		9fd96ee3d4f74f15823b83ddd6eca32d /* Products */ = {isa = PBXGroup; children = (fd061aa7b43f4d9ebe24a822a817d337 /* FileConverter.app */); name = Products; sourceTree = "<group>"; };
/* End PBXGroup section */

/* Begin PBXNativeTarget section */
		ed4ac2ab9fda4817ab0cd8b82c78eac8 /* FileConverter */ = {isa = PBXNativeTarget; buildConfigurationList = d2a1b3fe9ff447769fe53f26b4305c34; buildPhases = (f246fdc62ab04bbfa74feb20b3eb186c /* Sources */, 133c426ff4384b559f1d50a723aa4223 /* Frameworks */); buildRules = (); dependencies = (); name = FileConverter; productName = FileConverter; productReference = fd061aa7b43f4d9ebe24a822a817d337; productType = "com.apple.product-type.application"; };
/* End PBXNativeTarget section */

/* Begin PBXProject section */
		1706ad423206489496f4eb1a2b695279 /* Project object */ = {isa = PBXProject; attributes = {BuildIndependentTargetsInParallel = 1; LastSwiftUpdateCheck = 1640; LastUpgradeCheck = 1640; TargetAttributes = {ed4ac2ab9fda4817ab0cd8b82c78eac8 = {CreatedOnToolsVersion = 16.0; }; }; }; buildConfigurationList = db4d924ad55a4194b7944973aa8af92e; compatibilityVersion = "Xcode 14.0"; developmentRegion = "zh-Hans"; hasScannedForEncodings = 0; knownRegions = (en, "zh-Hans", Base); mainGroup = 93b9d43852f14ecab378c9a0e32373b9; productRefGroup = 9fd96ee3d4f74f15823b83ddd6eca32d; projectDirPath = ""; projectRoot = ""; targets = (ed4ac2ab9fda4817ab0cd8b82c78eac8 /* FileConverter */); };
/* End PBXProject section */

/* Begin PBXSourcesBuildPhase section */
		f246fdc62ab04bbfa74feb20b3eb186c /* Sources */ = {isa = PBXSourcesBuildPhase; buildActionMask = 2147483647; files = (57a333ffe9d44ceaa7b12a0cfd69c089 /* ContentView.swift in Sources */, 5d911f0dbc9a4b6ba8c2a6b6961adf33 /* FileConverterApp.swift in Sources */, 0cf7ab77a3bf4a6ea6cf23a5707b434d /* AppSettings.swift in Sources */, adc5d85d0c7144fd8744c7a5ec3eaa0e /* ConversionFile.swift in Sources */, c65b0f2f0880434fa11dfd4ec8aef331 /* ConversionFormat.swift in Sources */, 7331e47f7bd44440931fbfe355b83084 /* ConversionResult.swift in Sources */, 76c6caff5375487bb321cf6d120e9943 /* ConversionSettings.swift in Sources */, b8ec8c0816244d74b81660366deae789 /* FormatCategory.swift in Sources */, 73c9b20d733c43259a4fe7fc094c6b00 /* ToolInfo.swift in Sources */, b77c3c0e8839497aa5b5093d6fddce34 /* ConversionPipeline.swift in Sources */, 65043d6236704855a4f49b0f8b667175 /* ArchiveConverter.swift in Sources */, e8cc8ef8e71e4c5bbe1c1e313a9123ac /* AudioConverter.swift in Sources */, f396b7f58f8040ae8318c96f3d12a07e /* CADConverter.swift in Sources */, abd2040cada547d7885266ef7195d635 /* DocumentConverter.swift in Sources */, a9d4c0a0bb1549bb96c59d823d264144 /* EbookConverter.swift in Sources */, c7be094277a443bdb29aa344033a5391 /* FontConverter.swift in Sources */, ff6521df3c4e4763be732dcc7f837768 /* ImageConverter.swift in Sources */, 8dcc1521a6ae49aea96436d3aabc9782 /* TextDataConverter.swift in Sources */, 6956c64a13044cc097f84b6245aab2cf /* VideoConverter.swift in Sources */, 8c617843f0bb43489660c88f9eda5455 /* FormatDetector.swift in Sources */, f40f51784dba4334aad802b62c4ef89d /* ProcessRunner.swift in Sources */, b8617ffc44f7451b9bccdc04f41c7bb1 /* FormatConverter.swift in Sources */, 0ebfc1bfb48246dfbce8d3c355f74779 /* ToolProviding.swift in Sources */, cd7ed099422a4c0187c6f477e8f1a881 /* ToolDetector.swift in Sources */, 0d415b24e03b4e06900b3f6866509b84 /* FileSizeFormatter.swift in Sources */, dbcd8794e19043acafbdda3fd3fe3070 /* UTIHelper.swift in Sources */, 5d27fc8850fd49e187297bbf4677d9c7 /* ConversionViewModel.swift in Sources */, 43fef3ccbda84763bdfd3ab2495970ec /* DropZoneViewModel.swift in Sources */, 5bb234fd47dc4f9295ffffcee40afc16 /* SettingsViewModel.swift in Sources */, 75895828272c4e2b83fa6cd6b69bf8eb /* BottomBarView.swift in Sources */, dc484d77e96040729ab8363cba0a6420 /* FormatPicker.swift in Sources */, 332c92ef113546318ed8978a70be3f9f /* QuickLookPreview.swift in Sources */, 23aa24efd36c4833804affd612630644 /* ThumbnailView.swift in Sources */, 370b413a177b4047a7b6e9f209c2853e /* ToolInstallTip.swift in Sources */, 26e4742f692341f2a7b69c71ac182ec7 /* ToolStatusBadge.swift in Sources */, ba2299f1eb354cf9a070bfbb9b5ee43b /* ConversionProgressView.swift in Sources */, 5afaadab82224914a7ef53df705558ff /* DropZoneView.swift in Sources */, ca2569b8af9448b68a4ab98ac616d8f0 /* FileListView.swift in Sources */, 3be933586bcd463c9b01becb3efda0fb /* FileRowView.swift in Sources */, d43bae9cd15b41c6bf45f4addca1a7c1 /* ResultsView.swift in Sources */, b994e3c1e6094a02a1a6fcf1e9dc78e6 /* SettingsView.swift in Sources */, f906470358c9430c9125be31c8f0c087 /* CategoryRow.swift in Sources */, d5ab42f29b004e6abbfaf1e915238908 /* SidebarView.swift in Sources */); runOnlyForDeploymentPostprocessing = 0; };
/* End PBXSourcesBuildPhase section */

/* Begin XCBuildConfiguration section */
		e28671c554f042b2a47035dd7bbe246c /* Debug */ = {isa = XCBuildConfiguration; buildSettings = {ALWAYS_SEARCH_USER_PATHS = NO; ASSETCATALOG_COMPILER_GENERATE_SWIFT_ASSET_SYMBOL_EXTENSIONS = YES; CLANG_ANALYZER_NONNULL = YES; CLANG_CXX_LANGUAGE_STANDARD = "gnu++20"; CLANG_ENABLE_MODULES = YES; CLANG_ENABLE_OBJC_ARC = YES; ENABLE_STRICT_OBJC_MSGSEND = YES; ENABLE_USER_SCRIPT_SANDBOXING = NO; INFOPLIST_FILE = "Resources/Info.plist"; LD_RUNPATH_SEARCH_PATHS = ("$(inherited)", "@executable_path/../Frameworks"); MACOSX_DEPLOYMENT_TARGET = 15.0; PRODUCT_BUNDLE_IDENTIFIER = com.fileconverter.app; PRODUCT_NAME = "$(TARGET_NAME)"; SDKROOT = macosx; SWIFT_EMIT_LOC_STRINGS = YES; SWIFT_VERSION = 5.0; COPY_PHASE_STRIP = NO; DEBUG_INFORMATION_FORMAT = dwarf; ENABLE_TESTABILITY = YES; GCC_DYNAMIC_NO_PIC = NO; GCC_OPTIMIZATION_LEVEL = 0; GCC_PREPROCESSOR_DEFINITIONS = ("DEBUG=1",); MTL_ENABLE_DEBUG_INFO = INCLUDE_SOURCE; ONLY_ACTIVE_ARCH = YES; SWIFT_ACTIVE_COMPILATION_CONDITIONS = "DEBUG $(inherited)"; SWIFT_OPTIMIZATION_LEVEL = "-Onone"; }; name = Debug; };
		207521075fef4ce3b32af6b1aeff919a /* Release */ = {isa = XCBuildConfiguration; buildSettings = {ALWAYS_SEARCH_USER_PATHS = NO; ASSETCATALOG_COMPILER_GENERATE_SWIFT_ASSET_SYMBOL_EXTENSIONS = YES; CLANG_ANALYZER_NONNULL = YES; CLANG_CXX_LANGUAGE_STANDARD = "gnu++20"; CLANG_ENABLE_MODULES = YES; CLANG_ENABLE_OBJC_ARC = YES; ENABLE_STRICT_OBJC_MSGSEND = YES; ENABLE_USER_SCRIPT_SANDBOXING = NO; INFOPLIST_FILE = "Resources/Info.plist"; LD_RUNPATH_SEARCH_PATHS = ("$(inherited)", "@executable_path/../Frameworks"); MACOSX_DEPLOYMENT_TARGET = 15.0; PRODUCT_BUNDLE_IDENTIFIER = com.fileconverter.app; PRODUCT_NAME = "$(TARGET_NAME)"; SDKROOT = macosx; SWIFT_EMIT_LOC_STRINGS = YES; SWIFT_VERSION = 5.0; COPY_PHASE_STRIP = NO; DEBUG_INFORMATION_FORMAT = "dwarf-with-dsym"; ENABLE_NS_ASSERTIONS = NO; MTL_ENABLE_DEBUG_INFO = NO; SWIFT_COMPILATION_MODE = wholemodule; }; name = Release; };
/* End XCBuildConfiguration section */

/* Begin XCConfigurationList section */
		db4d924ad55a4194b7944973aa8af92e /* Build configuration list for PBXProject */ = {isa = XCConfigurationList; buildConfigurations = (e28671c554f042b2a47035dd7bbe246c /* Debug */, 207521075fef4ce3b32af6b1aeff919a /* Release */); defaultConfigurationIsVisible = 0; defaultConfigurationName = Release; };
		d2a1b3fe9ff447769fe53f26b4305c34 /* Build configuration list for PBXNativeTarget */ = {isa = XCConfigurationList; buildConfigurations = (e28671c554f042b2a47035dd7bbe246c /* Debug */, 207521075fef4ce3b32af6b1aeff919a /* Release */); defaultConfigurationIsVisible = 0; defaultConfigurationName = Release; };
/* End XCConfigurationList section */

	};
	rootObject = 1706ad423206489496f4eb1a2b695279 /* Project object */;
}
